
Microsoft Visual Studio Solution File, Format Version 12.00
# Visual Studio Version 17
VisualStudioVersion = 17.14.36518.9 d17.14
MinimumVisualStudioVersion = 10.0.40219.1
Project("{FAE04EC0-301F-11D3-BF4B-00C04F79EFBC}") = "CapaPresentacion", "NEWHospitalLinuxx\CapaPresentacion.csproj", "{1700F154-1F1D-49EE-A9EE-8F5AF2D3B4BB}"
EndProject
Project("{FAE04EC0-301F-11D3-BF4B-00C04F79EFBC}") = "CapaDatos", "CapaDatos\CapaDatos.csproj", "{736A57DC-3D68-475B-8112-11ABA28E0047}"
EndProject
Project("{FAE04EC0-301F-11D3-BF4B-00C04F79EFBC}") = "CapaNegocios", "CapaNegocios\CapaNegocios.csproj", "{ED967364-24B8-4A0F-A3EB-B32C433A141E}"
EndProject
Global
	GlobalSection(SolutionConfigurationPlatforms) = preSolution
		Debug|Any CPU = Debug|Any CPU
		Release|Any CPU = Release|Any CPU
	EndGlobalSection
	GlobalSection(ProjectConfigurationPlatforms) = postSolution
		{1700F154-1F1D-49EE-A9EE-8F5AF2D3B4BB}.Debug|Any CPU.ActiveCfg = Debug|Any CPU
		{1700F154-1F1D-49EE-A9EE-8F5AF2D3B4BB}.Debug|Any CPU.Build.0 = Debug|Any CPU
		{1700F154-1F1D-49EE-A9EE-8F5AF2D3B4BB}.Release|Any CPU.ActiveCfg = Release|Any CPU
		{1700F154-1F1D-49EE-A9EE-8F5AF2D3B4BB}.Release|Any CPU.Build.0 = Release|Any CPU
		{736A57DC-3D68-475B-8112-11ABA28E0047}.Debug|Any CPU.ActiveCfg = Debug|Any CPU
		{736A57DC-3D68-475B-8112-11ABA28E0047}.Debug|Any CPU.Build.0 = Debug|Any CPU
		{736A57DC-3D68-475B-8112-11ABA28E0047}.Release|Any CPU.ActiveCfg = Release|Any CPU
		{736A57DC-3D68-475B-8112-11ABA28E0047}.Release|Any CPU.Build.0 = Release|Any CPU
		{ED967364-24B8-4A0F-A3EB-B32C433A141E}.Debug|Any CPU.ActiveCfg = Debug|Any CPU
		{ED967364-24B8-4A0F-A3EB-B32C433A141E}.Debug|Any CPU.Build.0 = Debug|Any CPU
		{ED967364-24B8-4A0F-A3EB-B32C433A141E}.Release|Any CPU.ActiveCfg = Release|Any CPU
		{ED967364-24B8-4A0F-A3EB-B32C433A141E}.Release|Any CPU.Build.0 = Release|Any CPU
	EndGlobalSection
	GlobalSection(SolutionProperties) = preSolution
		HideSolutionNode = FALSE
	EndGlobalSection
	GlobalSection(ExtensibilityGlobals) = postSolution
		SolutionGuid = {EE4BE486-31DE-4156-A34B-17DDF4928F31}
	EndGlobalSection
EndGlobal
